// !$*UTF8*$!
{
	archiveVersion = 1;
	classes = {
	};
	objectVersion = 46;
	objects = {

/* Begin PBXBuildFile section */
		366050BD58569E0738AB6AEE /* _203.cpp in Sources */ = {isa = PBXBuildFile; fileRef = 366058486E3E2AD768BCD1DB /* _203.cpp */; };
		3660566D8E52523C2C70FBDC /* _116.cpp in Sources */ = {isa = PBXBuildFile; fileRef = 366058799BD178B840A59EFF /* _116.cpp */; };
		366057D01AD725635D34E3BB /* main.cpp in Sources */ = {isa = PBXBuildFile; fileRef = 36605FCFDD55767D3C3891EE /* main.cpp */; };
		3660597ADACC28530F6DF7B7 /* p1028.cpp in Sources */ = {isa = PBXBuildFile; fileRef = 36605F950654A66245511CBE /* p1028.cpp */; };
		36605B2A4977429CD34C6252 /* _117.cpp in Sources */ = {isa = PBXBuildFile; fileRef = 366055153CBEB24D22DDACC7 /* _117.cpp */; };
		36605E93AC13DF0E45C3EA44 /* 11.cpp in Sources */ = {isa = PBXBuildFile; fileRef = 36605BE888BE393568C4A8F8 /* 11.cpp */; };
/* End PBXBuildFile section */

/* Begin PBXCopyFilesBuildPhase section */
		3660570AAD3098A81ADF8E55 /* CopyFiles */ = {
			isa = PBXCopyFilesBuildPhase;
			buildActionMask = 2147483647;
			dstPath = /usr/share/man/man1/;
			dstSubfolderSpec = 0;
			files = (
			);
			runOnlyForDeploymentPostprocessing = 1;
		};
/* End PBXCopyFilesBuildPhase section */

/* Begin PBXFileReference section */
		366055153CBEB24D22DDACC7 /* _117.cpp */ = {isa = PBXFileReference; fileEncoding = 4; lastKnownFileType = sourcecode.cpp.cpp; path = _117.cpp; sourceTree = "<group>"; };
		366055E1D5900F38510C9F9F /* amcCCP */ = {isa = PBXFileReference; explicitFileType = "compiled.mach-o.executable"; includeInIndex = 0; path = amcCCP; sourceTree = BUILT_PRODUCTS_DIR; };
		366056C6E65896E4CF2A72C7 /* p1078.cpp */ = {isa = PBXFileReference; fileEncoding = 4; lastKnownFileType = sourcecode.cpp.cpp; path = p1078.cpp; sourceTree = "<group>"; };
		366058486E3E2AD768BCD1DB /* _203.cpp */ = {isa = PBXFileReference; fileEncoding = 4; lastKnownFileType = sourcecode.cpp.cpp; path = _203.cpp; sourceTree = "<group>"; };
		366058799BD178B840A59EFF /* _116.cpp */ = {isa = PBXFileReference; fileEncoding = 4; lastKnownFileType = sourcecode.cpp.cpp; path = _116.cpp; sourceTree = "<group>"; };
		36605BE888BE393568C4A8F8 /* 11.cpp */ = {isa = PBXFileReference; fileEncoding = 4; lastKnownFileType = sourcecode.cpp.cpp; path = 11.cpp; sourceTree = "<group>"; };
		36605F950654A66245511CBE /* p1028.cpp */ = {isa = PBXFileReference; fileEncoding = 4; lastKnownFileType = sourcecode.cpp.cpp; path = p1028.cpp; sourceTree = "<group>"; };
		36605FCFDD55767D3C3891EE /* main.cpp */ = {isa = PBXFileReference; lastKnownFileType = sourcecode.cpp.cpp; path = main.cpp; sourceTree = "<group>"; };
/* End PBXFileReference section */

/* Begin PBXFrameworksBuildPhase section */
		36605109B5FC8E6536D10D2B /* Frameworks */ = {
			isa = PBXFrameworksBuildPhase;
			buildActionMask = 2147483647;
			files = (
			);
			runOnlyForDeploymentPostprocessing = 0;
		};
/* End PBXFrameworksBuildPhase section */

/* Begin PBXGroup section */
		366051A577F38C41161475DE /* amcCCP */ = {
			isa = PBXGroup;
			children = (
				36605FCFDD55767D3C3891EE /* main.cpp */,
				36605C04B6BDD736EB1E073B /* LinkedList */,
				366054EE3F23A79977ADEFCD /* DFS */,
				36605B25415FCBB26B9824DA /* Array */,
				3660522EDA33F2DFCB6D649A /* chuti */,
			);
			path = amcCCP;
			sourceTree = "<group>";
		};
		3660522EDA33F2DFCB6D649A /* chuti */ = {
			isa = PBXGroup;
			children = (
				366056C6E65896E4CF2A72C7 /* p1078.cpp */,
				36605F950654A66245511CBE /* p1028.cpp */,
			);
			path = chuti;
			sourceTree = "<group>";
		};
		366054EE3F23A79977ADEFCD /* DFS */ = {
			isa = PBXGroup;
			children = (
				366058799BD178B840A59EFF /* _116.cpp */,
				366055153CBEB24D22DDACC7 /* _117.cpp */,
			);
			path = DFS;
			sourceTree = "<group>";
		};
		366055B0961860C978383EEF /* Products */ = {
			isa = PBXGroup;
			children = (
				366055E1D5900F38510C9F9F /* amcCCP */,
			);
			name = Products;
			sourceTree = "<group>";
		};
		36605A4EE08BF1FB79194545 = {
			isa = PBXGroup;
			children = (
				366055B0961860C978383EEF /* Products */,
				366051A577F38C41161475DE /* amcCCP */,
			);
			sourceTree = "<group>";
		};
		36605B25415FCBB26B9824DA /* Array */ = {
			isa = PBXGroup;
			children = (
				36605BE888BE393568C4A8F8 /* 11.cpp */,
			);
			path = Array;
			sourceTree = "<group>";
		};
		36605C04B6BDD736EB1E073B /* LinkedList */ = {
			isa = PBXGroup;
			children = (
				366058486E3E2AD768BCD1DB /* _203.cpp */,
			);
			path = LinkedList;
			sourceTree = "<group>";
		};
/* End PBXGroup section */

/* Begin PBXNativeTarget section */
		36605A8D975A832C91D957DC /* amcCCP */ = {
			isa = PBXNativeTarget;
			buildConfigurationList = 366050016B3EE2CC7BE89DA0 /* Build configuration list for PBXNativeTarget "amcCCP" */;
			buildPhases = (
				36605EE703F23A7321F91E31 /* Sources */,
				36605109B5FC8E6536D10D2B /* Frameworks */,
				3660570AAD3098A81ADF8E55 /* CopyFiles */,
			);
			buildRules = (
			);
			dependencies = (
			);
			name = amcCCP;
			productName = amcCCP;
			productReference = 366055E1D5900F38510C9F9F /* amcCCP */;
			productType = "com.apple.product-type.tool";
		};
/* End PBXNativeTarget section */

/* Begin PBXProject section */
		36605A709E8D0988D3E5979D /* Project object */ = {
			isa = PBXProject;
			attributes = {
				ORGANIZATIONNAME = me.felix;
			};
			buildConfigurationList = 366058E89EC5D54B06DC2C04 /* Build configuration list for PBXProject "amcCCP" */;
			compatibilityVersion = "Xcode 3.2";
			developmentRegion = English;
			hasScannedForEncodings = 0;
			knownRegions = (
				en,
			);
			mainGroup = 36605A4EE08BF1FB79194545;
			productRefGroup = 366055B0961860C978383EEF /* Products */;
			projectDirPath = "";
			projectRoot = "";
			targets = (
				36605A8D975A832C91D957DC /* amcCCP */,
			);
		};
/* End PBXProject section */

/* Begin PBXSourcesBuildPhase section */
		36605EE703F23A7321F91E31 /* Sources */ = {
			isa = PBXSourcesBuildPhase;
			buildActionMask = 2147483647;
			files = (
				366057D01AD725635D34E3BB /* main.cpp in Sources */,
				366050BD58569E0738AB6AEE /* _203.cpp in Sources */,
				3660566D8E52523C2C70FBDC /* _116.cpp in Sources */,
				36605E93AC13DF0E45C3EA44 /* 11.cpp in Sources */,
				36605B2A4977429CD34C6252 /* _117.cpp in Sources */,
				3660597ADACC28530F6DF7B7 /* p1028.cpp in Sources */,
			);
			runOnlyForDeploymentPostprocessing = 0;
		};
/* End PBXSourcesBuildPhase section */

/* Begin XCBuildConfiguration section */
		366053F5EEE82F66128C3531 /* Debug */ = {
			isa = XCBuildConfiguration;
			buildSettings = {
				ALWAYS_SEARCH_USER_PATHS = NO;
				CLANG_CXX_LANGUAGE_STANDARD = "gnu++0x";
				CLANG_CXX_LIBRARY = "libc++";
				CLANG_ENABLE_MODULES = YES;
				CLANG_ENABLE_OBJC_ARC = YES;
				CLANG_WARN_BOOL_CONVERSION = YES;
				CLANG_WARN_CONSTANT_CONVERSION = YES;
				CLANG_WARN_DIRECT_OBJC_ISA_USAGE = YES_ERROR;
				CLANG_WARN_EMPTY_BODY = YES;
				CLANG_WARN_ENUM_CONVERSION = YES;
				CLANG_WARN_INT_CONVERSION = YES;
				CLANG_WARN_OBJC_ROOT_CLASS = YES_ERROR;
				CLANG_WARN_UNREACHABLE_CODE = YES;
				CLANG_WARN__DUPLICATE_METHOD_MATCH = YES;
				COPY_PHASE_STRIP = NO;
				ENABLE_STRICT_OBJC_MSGSEND = YES;
				GCC_C_LANGUAGE_STANDARD = gnu99;
				GCC_DYNAMIC_NO_PIC = NO;
				GCC_OPTIMIZATION_LEVEL = 0;
				GCC_PREPROCESSOR_DEFINITIONS = (
					"DEBUG=1",
					"$(inherited)",
				);
				GCC_SYMBOLS_PRIVATE_EXTERN = NO;
				GCC_WARN_64_TO_32_BIT_CONVERSION = YES;
				GCC_WARN_ABOUT_RETURN_TYPE = YES_ERROR;
				GCC_WARN_UNDECLARED_SELECTOR = YES;
				GCC_WARN_UNINITIALIZED_AUTOS = YES_AGGRESSIVE;
				GCC_WARN_UNUSED_FUNCTION = YES;
				GCC_WARN_UNUSED_VARIABLE = YES;
				MACOSX_DEPLOYMENT_TARGET = 10.10;
				MTL_ENABLE_DEBUG_INFO = YES;
				ONLY_ACTIVE_ARCH = YES;
				SDKROOT = macosx;
			};
			name = Debug;
		};
		36605B1CCBDDB028CA6D9EC5 /* Release */ = {
			isa = XCBuildConfiguration;
			buildSettings = {
				PRODUCT_NAME = "$(TARGET_NAME)";
			};
			name = Release;
		};
		36605B7325E9D0A642963546 /* Debug */ = {
			isa = XCBuildConfiguration;
			buildSettings = {
				PRODUCT_NAME = "$(TARGET_NAME)";
			};
			name = Debug;
		};
		36605D3C0CA02EB6D4C14B86 /* Release */ = {
			isa = XCBuildConfiguration;
			buildSettings = {
				ALWAYS_SEARCH_USER_PATHS = NO;
				CLANG_CXX_LANGUAGE_STANDARD = "gnu++0x";
				CLANG_CXX_LIBRARY = "libc++";
				CLANG_ENABLE_MODULES = YES;
				CLANG_ENABLE_OBJC_ARC = YES;
				CLANG_WARN_BOOL_CONVERSION = YES;
				CLANG_WARN_CONSTANT_CONVERSION = YES;
				CLANG_WARN_DIRECT_OBJC_ISA_USAGE = YES_ERROR;
				CLANG_WARN_EMPTY_BODY = YES;
				CLANG_WARN_ENUM_CONVERSION = YES;
				CLANG_WARN_INT_CONVERSION = YES;
				CLANG_WARN_OBJC_ROOT_CLASS = YES_ERROR;
				CLANG_WARN_UNREACHABLE_CODE = YES;
				CLANG_WARN__DUPLICATE_METHOD_MATCH = YES;
				COPY_PHASE_STRIP = NO;
				DEBUG_INFORMATION_FORMAT = "dwarf-with-dsym";
				ENABLE_NS_ASSERTIONS = NO;
				ENABLE_STRICT_OBJC_MSGSEND = YES;
				GCC_C_LANGUAGE_STANDARD = gnu99;
				GCC_WARN_64_TO_32_BIT_CONVERSION = YES;
				GCC_WARN_ABOUT_RETURN_TYPE = YES_ERROR;
				GCC_WARN_UNDECLARED_SELECTOR = YES;
				GCC_WARN_UNINITIALIZED_AUTOS = YES_AGGRESSIVE;
				GCC_WARN_UNUSED_FUNCTION = YES;
				GCC_WARN_UNUSED_VARIABLE = YES;
				MACOSX_DEPLOYMENT_TARGET = 10.10;
				MTL_ENABLE_DEBUG_INFO = NO;
				SDKROOT = macosx;
			};
			name = Release;
		};
/* End XCBuildConfiguration section */

/* Begin XCConfigurationList section */
		366050016B3EE2CC7BE89DA0 /* Build configuration list for PBXNativeTarget "amcCCP" */ = {
			isa = XCConfigurationList;
			buildConfigurations = (
				36605B7325E9D0A642963546 /* Debug */,
				36605B1CCBDDB028CA6D9EC5 /* Release */,
			);
			defaultConfigurationIsVisible = 0;
		};
		366058E89EC5D54B06DC2C04 /* Build configuration list for PBXProject "amcCCP" */ = {
			isa = XCConfigurationList;
			buildConfigurations = (
				366053F5EEE82F66128C3531 /* Debug */,
				36605D3C0CA02EB6D4C14B86 /* Release */,
			);
			defaultConfigurationIsVisible = 0;
			defaultConfigurationName = Release;
		};
/* End XCConfigurationList section */
	};
	rootObject = 36605A709E8D0988D3E5979D /* Project object */;
}
